<?xml version="1.0" encoding="utf-8"?>
<Project ToolsVersion="4.0" xmlns="http://schemas.microsoft.com/developer/msbuild/2003">
  <ItemGroup>
    <Filter Include="소스 파일">
      <UniqueIdentifier>{4FC737F1-C7A5-4376-A066-2A32D752A2FF}</UniqueIdentifier>
      <Extensions>cpp;c;cc;cxx;c++;cppm;ixx;def;odl;idl;hpj;bat;asm;asmx</Extensions>
    </Filter>
    <Filter Include="헤더 파일">
      <UniqueIdentifier>{93995380-89BD-4b04-88EB-625FBE52EBFB}</UniqueIdentifier>
      <Extensions>h;hh;hpp;hxx;h++;hm;inl;inc;ipp;xsd</Extensions>
    </Filter>
    <Filter Include="리소스 파일">
      <UniqueIdentifier>{67DA6AB6-F800-4c08-8B7A-83BB121AAD01}</UniqueIdentifier>
      <Extensions>rc;ico;cur;bmp;dlg;rc2;rct;bin;rgs;gif;jpg;jpeg;jpe;resx;tiff;tif;png;wav;mfcribbon-ms</Extensions>
    </Filter>
    <Filter Include="models">
      <UniqueIdentifier>{71e9ac65-41ba-44ce-9bc6-6ae3d3b20440}</UniqueIdentifier>
    </Filter>
    <Filter Include="embeded_func">
      <UniqueIdentifier>{7bcb7c2c-50e6-4bef-a4c7-51796fbf8c6d}</UniqueIdentifier>
    </Filter>
    <Filter Include="외부연동">
      <UniqueIdentifier>{7ebeb26c-9593-447c-9c59-7940419a8794}</UniqueIdentifier>
    </Filter>
  </ItemGroup>
  <ItemGroup>
    <ClCompile Include="fDTSimServer.cpp">
      <Filter>소스 파일</Filter>
    </ClCompile>
    <ClCompile Include="sim_engine.cpp">
      <Filter>소스 파일</Filter>
    </ClCompile>
    <ClCompile Include="sim_manager.cpp">
      <Filter>소스 파일</Filter>
    </ClCompile>
    <ClCompile Include="model_t.cpp">
      <Filter>소스 파일</Filter>
    </ClCompile>
    <ClCompile Include="atomic_imp.cpp">
      <Filter>models</Filter>
    </ClCompile>
    <ClCompile Include="coupled_imp.cpp">
      <Filter>models</Filter>
    </ClCompile>
    <ClCompile Include="embeded_func_imp.cpp">
      <Filter>models</Filter>
    </ClCompile>
    <ClCompile Include="function_imp.cpp">
      <Filter>models</Filter>
    </ClCompile>
    <ClCompile Include="embeded_func_plus.cpp">
      <Filter>embeded_func</Filter>
    </ClCompile>
    <ClCompile Include="embeded_func_minus.cpp">
      <Filter>embeded_func</Filter>
    </ClCompile>
    <ClCompile Include="embeded_func_div.cpp">
      <Filter>embeded_func</Filter>
    </ClCompile>
    <ClCompile Include="embeded_func_mul.cpp">
      <Filter>embeded_func</Filter>
    </ClCompile>
  </ItemGroup>
  <ItemGroup>
    <ClInclude Include="sim_engine.h">
      <Filter>헤더 파일</Filter>
    </ClInclude>
    <ClInclude Include="sim_manager.h">
      <Filter>헤더 파일</Filter>
    </ClInclude>
    <ClInclude Include="model_t.h">
      <Filter>헤더 파일</Filter>
    </ClInclude>
    <ClInclude Include="atomic_imp.h">
      <Filter>models</Filter>
    </ClInclude>
    <ClInclude Include="coupled_imp.h">
      <Filter>models</Filter>
    </ClInclude>
    <ClInclude Include="embeded_func_imp.h">
      <Filter>models</Filter>
    </ClInclude>
    <ClInclude Include="function_imp.h">
      <Filter>models</Filter>
    </ClInclude>
    <ClInclude Include="embeded_func_plus.h">
      <Filter>embeded_func</Filter>
    </ClInclude>
    <ClInclude Include="embeded_func_minus.h">
      <Filter>embeded_func</Filter>
    </ClInclude>
    <ClInclude Include="embeded_func_div.h">
      <Filter>embeded_func</Filter>
    </ClInclude>
    <ClInclude Include="embeded_func_mul.h">
      <Filter>embeded_func</Filter>
    </ClInclude>
  </ItemGroup>
  <ItemGroup>
    <None Include="ClassDiagram.cd" />
  </ItemGroup>
</Project>